
Microsoft Visual Studio Solution File, Format Version 12.00
# Visual Studio Version 17
VisualStudioVersion = 17.8.34511.84
MinimumVisualStudioVersion = 10.0.40219.1
Project("{FAE04EC0-301F-11D3-BF4B-00C04F79EFBC}") = "Clase1ITLA", "Clase1ITLA.csproj", "{2386A9E7-8E7F-47A8-BAA8-DA6647D0F919}"
EndProject
Global
	GlobalSection(SolutionConfigurationPlatforms) = preSolution
		Debug|Any CPU = Debug|Any CPU
		Release|Any CPU = Release|Any CPU
	EndGlobalSection
	GlobalSection(ProjectConfigurationPlatforms) = postSolution
		{2386A9E7-8E7F-47A8-BAA8-DA6647D0F919}.Debug|Any CPU.ActiveCfg = Debug|Any CPU
		{2386A9E7-8E7F-47A8-BAA8-DA6647D0F919}.Debug|Any CPU.Build.0 = Debug|Any CPU
		{2386A9E7-8E7F-47A8-BAA8-DA6647D0F919}.Release|Any CPU.ActiveCfg = Release|Any CPU
		{2386A9E7-8E7F-47A8-BAA8-DA6647D0F919}.Release|Any CPU.Build.0 = Release|Any CPU
	EndGlobalSection
	GlobalSection(SolutionProperties) = preSolution
		HideSolutionNode = FALSE
	EndGlobalSection
	GlobalSection(ExtensibilityGlobals) = postSolution
		SolutionGuid = {D6F882FA-C6BE-4895-B749-AC60AA441738}
	EndGlobalSection
EndGlobal
