
Microsoft Visual Studio Solution File, Format Version 12.00
# Visual Studio Version 17
VisualStudioVersion = 17.8.34511.84
MinimumVisualStudioVersion = 10.0.40219.1
Project("{FAE04EC0-301F-11D3-BF4B-00C04F79EFBC}") = "CursoITLA3", "CursoITLA3.csproj", "{1B73786D-91C1-4B14-B958-C24F40BA507A}"
EndProject
Global
	GlobalSection(SolutionConfigurationPlatforms) = preSolution
		Debug|Any CPU = Debug|Any CPU
		Release|Any CPU = Release|Any CPU
	EndGlobalSection
	GlobalSection(ProjectConfigurationPlatforms) = postSolution
		{1B73786D-91C1-4B14-B958-C24F40BA507A}.Debug|Any CPU.ActiveCfg = Debug|Any CPU
		{1B73786D-91C1-4B14-B958-C24F40BA507A}.Debug|Any CPU.Build.0 = Debug|Any CPU
		{1B73786D-91C1-4B14-B958-C24F40BA507A}.Release|Any CPU.ActiveCfg = Release|Any CPU
		{1B73786D-91C1-4B14-B958-C24F40BA507A}.Release|Any CPU.Build.0 = Release|Any CPU
	EndGlobalSection
	GlobalSection(SolutionProperties) = preSolution
		HideSolutionNode = FALSE
	EndGlobalSection
	GlobalSection(ExtensibilityGlobals) = postSolution
		SolutionGuid = {1D330A95-C5EE-4BA8-9E89-5D12B905A41B}
	EndGlobalSection
EndGlobal
